
Microsoft Visual Studio Solution File, Format Version 12.00
# Visual Studio 15
VisualStudioVersion = 15.0.27004.2009
MinimumVisualStudioVersion = 10.0.40219.1
Project("{FAE04EC0-301F-11D3-BF4B-00C04F79EFBC}") = "Exercise", "Exercise\Exercise.csproj", "{DE2B60E2-A0B7-4376-8057-F82B6252A8B2}"
EndProject
Global
	GlobalSection(SolutionConfigurationPlatforms) = preSolution
		Debug|Any CPU = Debug|Any CPU
		Release|Any CPU = Release|Any CPU
	EndGlobalSection
	GlobalSection(ProjectConfigurationPlatforms) = postSolution
		{DE2B60E2-A0B7-4376-8057-F82B6252A8B2}.Debug|Any CPU.ActiveCfg = Debug|Any CPU
		{DE2B60E2-A0B7-4376-8057-F82B6252A8B2}.Debug|Any CPU.Build.0 = Debug|Any CPU
		{DE2B60E2-A0B7-4376-8057-F82B6252A8B2}.Release|Any CPU.ActiveCfg = Release|Any CPU
		{DE2B60E2-A0B7-4376-8057-F82B6252A8B2}.Release|Any CPU.Build.0 = Release|Any CPU
	EndGlobalSection
	GlobalSection(SolutionProperties) = preSolution
		HideSolutionNode = FALSE
	EndGlobalSection
	GlobalSection(ExtensibilityGlobals) = postSolution
		SolutionGuid = {5D857AC0-686C-478B-9562-80BB628386E3}
	EndGlobalSection
EndGlobal
